{"1.1.0",
[{<<"base32">>,{pkg,<<"base32">>,<<"0.1.0">>},2},
 {<<"ecc_compact">>,{pkg,<<"ecc_compact">>,<<"1.0.4">>},1},
 {<<"enacl">>,
  {git,"https://github.com/madninja/enacl.git",
       {ref,"e86a2a94712a6cfe56aa274c0c9ee8f5f976b427"}},
  0},
 {<<"erl_base58">>,{pkg,<<"erl_base58">>,<<"0.0.1">>},1},
 {<<"erlang_sss">>,
  {git,"https://github.com/helium/erlang-sss",
       {ref,"8933df4300ac2bf793f32e614b51a8f1fbf1ad27"}},
  0},
 {<<"getopt">>,{pkg,<<"getopt">>,<<"1.0.1">>},0},
 {<<"jsx">>,{pkg,<<"jsx">>,<<"2.10.0">>},0},
 {<<"libp2p_crypto">>,{pkg,<<"libp2p_crypto">>,<<"1.0.1">>},0},
 {<<"multiaddr">>,{pkg,<<"multiaddr">>,<<"1.1.3">>},1},
 {<<"pbkdf2">>,{pkg,<<"pbkdf2">>,<<"2.0.0">>},0},
 {<<"small_ints">>,{pkg,<<"small_ints">>,<<"0.1.0">>},2},
 {<<"sss">>,
  {git,"https://github.com/helium/erlang-sss",
       {ref,"1aa44f21658cdf563b4c7fdecb1242ccc0216212"}},
  0}]}.
[
{pkg_hash,[
 {<<"base32">>, <<"044F6DC95709727CA2176F3E97A41DDAA76B5BC690D3536908618C0CB32616A2">>},
 {<<"ecc_compact">>, <<"B2DDA47A6810B59A24331F3C864001A2FDE1C85A7BC31E52E7B6B2EE532F5627">>},
 {<<"erl_base58">>, <<"37710854461D71DF338E73C65776302DB41C4BAB4674D2EC134ED7BCFC7B5552">>},
 {<<"getopt">>, <<"C73A9FA687B217F2FF79F68A3B637711BB1936E712B521D8CE466B29CBF7808A">>},
 {<<"jsx">>, <<"77760560D6AC2B8C51FD4C980E9E19B784016AA70BE354CE746472C33BEB0B1C">>},
 {<<"libp2p_crypto">>, <<"0D7071A07CBBA012C049C06067874969A6A2FE765CCD33B9DBB582580E62929F">>},
 {<<"multiaddr">>, <<"978E58E28F6FACAF428C87AF933612B1E2F3F2775F1794EDA5E831A4EACD2984">>},
 {<<"pbkdf2">>, <<"11C23279FDED5C0027AB3996CFAE77805521D7EF4BABDE2BD7EC04A9086CF499">>},
 {<<"small_ints">>, <<"82A824C8794A2DDC73CB5CD00EAD11331DB296521AD16A619C13D668572B868A">>}]}
].
